
Microsoft Visual Studio Solution File, Format Version 12.00
# Visual Studio 15
VisualStudioVersion = 15.0.28010.2048
MinimumVisualStudioVersion = 10.0.40219.1
Project("{FAE04EC0-301F-11D3-BF4B-00C04F79EFBC}") = "Squire.Functions", "Squire.Functions\Squire.Functions.csproj", "{9A3575B9-C3A7-4BC0-A9FA-0A7DC474ABAE}"
EndProject
Project("{FAE04EC0-301F-11D3-BF4B-00C04F79EFBC}") = "Squire.DataAccess", "Squire.DataAccess\Squire.DataAccess.csproj", "{A1539DD8-D752-480D-B142-A1AF07F7FB60}"
EndProject
Project("{FAE04EC0-301F-11D3-BF4B-00C04F79EFBC}") = "Squire.Common", "Squire.Common\Squire.Common.csproj", "{287016DA-7373-4399-9674-4E4436C6753A}"
EndProject
Global
	GlobalSection(SolutionConfigurationPlatforms) = preSolution
		Debug|Any CPU = Debug|Any CPU
		Release|Any CPU = Release|Any CPU
	EndGlobalSection
	GlobalSection(ProjectConfigurationPlatforms) = postSolution
		{9A3575B9-C3A7-4BC0-A9FA-0A7DC474ABAE}.Debug|Any CPU.ActiveCfg = Debug|Any CPU
		{9A3575B9-C3A7-4BC0-A9FA-0A7DC474ABAE}.Debug|Any CPU.Build.0 = Debug|Any CPU
		{9A3575B9-C3A7-4BC0-A9FA-0A7DC474ABAE}.Release|Any CPU.ActiveCfg = Release|Any CPU
		{9A3575B9-C3A7-4BC0-A9FA-0A7DC474ABAE}.Release|Any CPU.Build.0 = Release|Any CPU
		{A1539DD8-D752-480D-B142-A1AF07F7FB60}.Debug|Any CPU.ActiveCfg = Debug|Any CPU
		{A1539DD8-D752-480D-B142-A1AF07F7FB60}.Debug|Any CPU.Build.0 = Debug|Any CPU
		{A1539DD8-D752-480D-B142-A1AF07F7FB60}.Release|Any CPU.ActiveCfg = Release|Any CPU
		{A1539DD8-D752-480D-B142-A1AF07F7FB60}.Release|Any CPU.Build.0 = Release|Any CPU
		{287016DA-7373-4399-9674-4E4436C6753A}.Debug|Any CPU.ActiveCfg = Debug|Any CPU
		{287016DA-7373-4399-9674-4E4436C6753A}.Debug|Any CPU.Build.0 = Debug|Any CPU
		{287016DA-7373-4399-9674-4E4436C6753A}.Release|Any CPU.ActiveCfg = Release|Any CPU
		{287016DA-7373-4399-9674-4E4436C6753A}.Release|Any CPU.Build.0 = Release|Any CPU
	EndGlobalSection
	GlobalSection(SolutionProperties) = preSolution
		HideSolutionNode = FALSE
	EndGlobalSection
	GlobalSection(ExtensibilityGlobals) = postSolution
		SolutionGuid = {57D09E41-9C7A-4590-8A2F-F8B972CE7B8A}
	EndGlobalSection
EndGlobal
